
Microsoft Visual Studio Solution File, Format Version 12.00
# Visual Studio 15
VisualStudioVersion = 15.0.26730.16
MinimumVisualStudioVersion = 10.0.40219.1
Project("{888888A0-9F3D-457C-B088-3A5042F75D52}") = "addtobuildlist", "addtobuildlist\addtobuildlist.pyproj", "{F10C97B4-8F70-4391-9377-B1F0936ECA2C}"
EndProject
Global
	GlobalSection(SolutionConfigurationPlatforms) = preSolution
		Debug|Any CPU = Debug|Any CPU
		Release|Any CPU = Release|Any CPU
	EndGlobalSection
	GlobalSection(ProjectConfigurationPlatforms) = postSolution
		{F10C97B4-8F70-4391-9377-B1F0936ECA2C}.Debug|Any CPU.ActiveCfg = Debug|Any CPU
		{F10C97B4-8F70-4391-9377-B1F0936ECA2C}.Release|Any CPU.ActiveCfg = Release|Any CPU
	EndGlobalSection
	GlobalSection(SolutionProperties) = preSolution
		HideSolutionNode = FALSE
	EndGlobalSection
	GlobalSection(ExtensibilityGlobals) = postSolution
		SolutionGuid = {5FA7FF65-FF16-48B2-8904-1F4E700EFCC0}
	EndGlobalSection
EndGlobal
